
Microsoft Visual Studio Solution File, Format Version 12.00
# Visual Studio Version 16
VisualStudioVersion = 16.0.30503.244
MinimumVisualStudioVersion = 10.0.40219.1
Project("{888888A0-9F3D-457C-B088-3A5042F75D52}") = "ParkingAPI", "ParkingAPI\ParkingAPI.pyproj", "{66E7AEF2-CEEE-4846-929A-844423DFEC5C}"
EndProject
Project("{888888A0-9F3D-457C-B088-3A5042F75D52}") = "FreeParkingModel", "FreeParkingModel\FreeParkingModel.pyproj", "{4376D795-FF59-4FFC-973A-F7C1C8C8D0AF}"
EndProject
Global
	GlobalSection(SolutionConfigurationPlatforms) = preSolution
		Debug|Any CPU = Debug|Any CPU
		Release|Any CPU = Release|Any CPU
	EndGlobalSection
	GlobalSection(ProjectConfigurationPlatforms) = postSolution
		{66E7AEF2-CEEE-4846-929A-844423DFEC5C}.Debug|Any CPU.ActiveCfg = Debug|Any CPU
		{66E7AEF2-CEEE-4846-929A-844423DFEC5C}.Debug|Any CPU.Build.0 = Debug|Any CPU
		{66E7AEF2-CEEE-4846-929A-844423DFEC5C}.Release|Any CPU.ActiveCfg = Release|Any CPU
		{66E7AEF2-CEEE-4846-929A-844423DFEC5C}.Release|Any CPU.Build.0 = Release|Any CPU
		{4376D795-FF59-4FFC-973A-F7C1C8C8D0AF}.Debug|Any CPU.ActiveCfg = Debug|Any CPU
		{4376D795-FF59-4FFC-973A-F7C1C8C8D0AF}.Release|Any CPU.ActiveCfg = Release|Any CPU
	EndGlobalSection
	GlobalSection(SolutionProperties) = preSolution
		HideSolutionNode = FALSE
	EndGlobalSection
	GlobalSection(ExtensibilityGlobals) = postSolution
		SolutionGuid = {3186F755-6710-4C10-9B3B-C275E9CC6B3E}
	EndGlobalSection
EndGlobal
